// !$*UTF8*$!
{
	archiveVersion = 1;
	classes = {
	};
	objectVersion = 50;
	objects = {

/* Begin PBXBuildFile section */
		18CE938626B12B0200C23A3B /* Tests_iOS.swift in Sources */ = {isa = PBXBuildFile; fileRef = 18CE938526B12B0200C23A3B /* Tests_iOS.swift */; };
		18CE939126B12B0200C23A3B /* Tests_macOS.swift in Sources */ = {isa = PBXBuildFile; fileRef = 18CE939026B12B0200C23A3B /* Tests_macOS.swift */; };
		18CE939326B12B0200C23A3B /* ____App.swift in Sources */ = {isa = PBXBuildFile; fileRef = 18CE936A26B12AFF00C23A3B /* ____App.swift */; };
		18CE939426B12B0200C23A3B /* ____App.swift in Sources */ = {isa = PBXBuildFile; fileRef = 18CE936A26B12AFF00C23A3B /* ____App.swift */; };
		18CE939526B12B0200C23A3B /* ContentView.swift in Sources */ = {isa = PBXBuildFile; fileRef = 18CE936B26B12AFF00C23A3B /* ContentView.swift */; };
		18CE939626B12B0200C23A3B /* ContentView.swift in Sources */ = {isa = PBXBuildFile; fileRef = 18CE936B26B12AFF00C23A3B /* ContentView.swift */; };
		18CE939726B12B0200C23A3B /* Assets.xcassets in Resources */ = {isa = PBXBuildFile; fileRef = 18CE936C26B12B0200C23A3B /* Assets.xcassets */; };
		18CE939826B12B0200C23A3B /* Assets.xcassets in Resources */ = {isa = PBXBuildFile; fileRef = 18CE936C26B12B0200C23A3B /* Assets.xcassets */; };
/* End PBXBuildFile section */

/* Begin PBXContainerItemProxy section */
		18CE938226B12B0200C23A3B /* PBXContainerItemProxy */ = {
			isa = PBXContainerItemProxy;
			containerPortal = 18CE936526B12AFE00C23A3B /* Project object */;
			proxyType = 1;
			remoteGlobalIDString = 18CE937026B12B0200C23A3B;
			remoteInfo = "哈哈实验 (iOS)";
		};
		18CE938D26B12B0200C23A3B /* PBXContainerItemProxy */ = {
			isa = PBXContainerItemProxy;
			containerPortal = 18CE936526B12AFE00C23A3B /* Project object */;
			proxyType = 1;
			remoteGlobalIDString = 18CE937826B12B0200C23A3B;
			remoteInfo = "哈哈实验 (macOS)";
		};
/* End PBXContainerItemProxy section */

/* Begin PBXFileReference section */
		18CE936A26B12AFF00C23A3B /* ____App.swift */ = {isa = PBXFileReference; lastKnownFileType = sourcecode.swift; path = "____App.swift"; sourceTree = "<group>"; };
		18CE936B26B12AFF00C23A3B /* ContentView.swift */ = {isa = PBXFileReference; lastKnownFileType = sourcecode.swift; path = ContentView.swift; sourceTree = "<group>"; };
		18CE936C26B12B0200C23A3B /* Assets.xcassets */ = {isa = PBXFileReference; lastKnownFileType = folder.assetcatalog; path = Assets.xcassets; sourceTree = "<group>"; };
		18CE937126B12B0200C23A3B /* 哈哈实验.app */ = {isa = PBXFileReference; explicitFileType = wrapper.application; includeInIndex = 0; path = "哈哈实验.app"; sourceTree = BUILT_PRODUCTS_DIR; };
		18CE937426B12B0200C23A3B /* Info.plist */ = {isa = PBXFileReference; lastKnownFileType = text.plist.xml; path = Info.plist; sourceTree = "<group>"; };
		18CE937926B12B0200C23A3B /* 哈哈实验.app */ = {isa = PBXFileReference; explicitFileType = wrapper.application; includeInIndex = 0; path = "哈哈实验.app"; sourceTree = BUILT_PRODUCTS_DIR; };
		18CE937B26B12B0200C23A3B /* Info.plist */ = {isa = PBXFileReference; lastKnownFileType = text.plist.xml; path = Info.plist; sourceTree = "<group>"; };
		18CE937C26B12B0200C23A3B /* macOS.entitlements */ = {isa = PBXFileReference; lastKnownFileType = text.plist.entitlements; path = macOS.entitlements; sourceTree = "<group>"; };
		18CE938126B12B0200C23A3B /* Tests iOS.xctest */ = {isa = PBXFileReference; explicitFileType = wrapper.cfbundle; includeInIndex = 0; path = "Tests iOS.xctest"; sourceTree = BUILT_PRODUCTS_DIR; };
		18CE938526B12B0200C23A3B /* Tests_iOS.swift */ = {isa = PBXFileReference; lastKnownFileType = sourcecode.swift; path = Tests_iOS.swift; sourceTree = "<group>"; };
		18CE938726B12B0200C23A3B /* Info.plist */ = {isa = PBXFileReference; lastKnownFileType = text.plist.xml; path = Info.plist; sourceTree = "<group>"; };
		18CE938C26B12B0200C23A3B /* Tests macOS.xctest */ = {isa = PBXFileReference; explicitFileType = wrapper.cfbundle; includeInIndex = 0; path = "Tests macOS.xctest"; sourceTree = BUILT_PRODUCTS_DIR; };
		18CE939026B12B0200C23A3B /* Tests_macOS.swift */ = {isa = PBXFileReference; lastKnownFileType = sourcecode.swift; path = Tests_macOS.swift; sourceTree = "<group>"; };
		18CE939226B12B0200C23A3B /* Info.plist */ = {isa = PBXFileReference; lastKnownFileType = text.plist.xml; path = Info.plist; sourceTree = "<group>"; };
/* End PBXFileReference section */

/* Begin PBXFrameworksBuildPhase section */
		18CE936E26B12B0200C23A3B /* Frameworks */ = {
			isa = PBXFrameworksBuildPhase;
			buildActionMask = 2147483647;
			files = (
			);
			runOnlyForDeploymentPostprocessing = 0;
		};
		18CE937626B12B0200C23A3B /* Frameworks */ = {
			isa = PBXFrameworksBuildPhase;
			buildActionMask = 2147483647;
			files = (
			);
			runOnlyForDeploymentPostprocessing = 0;
		};
		18CE937E26B12B0200C23A3B /* Frameworks */ = {
			isa = PBXFrameworksBuildPhase;
			buildActionMask = 2147483647;
			files = (
			);
			runOnlyForDeploymentPostprocessing = 0;
		};
		18CE938926B12B0200C23A3B /* Frameworks */ = {
			isa = PBXFrameworksBuildPhase;
			buildActionMask = 2147483647;
			files = (
			);
			runOnlyForDeploymentPostprocessing = 0;
		};
/* End PBXFrameworksBuildPhase section */

/* Begin PBXGroup section */
		18CE936426B12AFE00C23A3B = {
			isa = PBXGroup;
			children = (
				18CE936926B12AFF00C23A3B /* Shared */,
				18CE937326B12B0200C23A3B /* iOS */,
				18CE937A26B12B0200C23A3B /* macOS */,
				18CE938426B12B0200C23A3B /* Tests iOS */,
				18CE938F26B12B0200C23A3B /* Tests macOS */,
				18CE937226B12B0200C23A3B /* Products */,
			);
			sourceTree = "<group>";
		};
		18CE936926B12AFF00C23A3B /* Shared */ = {
			isa = PBXGroup;
			children = (
				18CE936A26B12AFF00C23A3B /* ____App.swift */,
				18CE936B26B12AFF00C23A3B /* ContentView.swift */,
				18CE936C26B12B0200C23A3B /* Assets.xcassets */,
			);
			path = Shared;
			sourceTree = "<group>";
		};
		18CE937226B12B0200C23A3B /* Products */ = {
			isa = PBXGroup;
			children = (
				18CE937126B12B0200C23A3B /* 哈哈实验.app */,
				18CE937926B12B0200C23A3B /* 哈哈实验.app */,
				18CE938126B12B0200C23A3B /* Tests iOS.xctest */,
				18CE938C26B12B0200C23A3B /* Tests macOS.xctest */,
			);
			name = Products;
			sourceTree = "<group>";
		};
		18CE937326B12B0200C23A3B /* iOS */ = {
			isa = PBXGroup;
			children = (
				18CE937426B12B0200C23A3B /* Info.plist */,
			);
			path = iOS;
			sourceTree = "<group>";
		};
		18CE937A26B12B0200C23A3B /* macOS */ = {
			isa = PBXGroup;
			children = (
				18CE937B26B12B0200C23A3B /* Info.plist */,
				18CE937C26B12B0200C23A3B /* macOS.entitlements */,
			);
			path = macOS;
			sourceTree = "<group>";
		};
		18CE938426B12B0200C23A3B /* Tests iOS */ = {
			isa = PBXGroup;
			children = (
				18CE938526B12B0200C23A3B /* Tests_iOS.swift */,
				18CE938726B12B0200C23A3B /* Info.plist */,
			);
			path = "Tests iOS";
			sourceTree = "<group>";
		};
		18CE938F26B12B0200C23A3B /* Tests macOS */ = {
			isa = PBXGroup;
			children = (
				18CE939026B12B0200C23A3B /* Tests_macOS.swift */,
				18CE939226B12B0200C23A3B /* Info.plist */,
			);
			path = "Tests macOS";
			sourceTree = "<group>";
		};
/* End PBXGroup section */

/* Begin PBXNativeTarget section */
		18CE937026B12B0200C23A3B /* 哈哈实验 (iOS) */ = {
			isa = PBXNativeTarget;
			buildConfigurationList = 18CE939B26B12B0200C23A3B /* Build configuration list for PBXNativeTarget "哈哈实验 (iOS)" */;
			buildPhases = (
				18CE936D26B12B0200C23A3B /* Sources */,
				18CE936E26B12B0200C23A3B /* Frameworks */,
				18CE936F26B12B0200C23A3B /* Resources */,
			);
			buildRules = (
			);
			dependencies = (
			);
			name = "哈哈实验 (iOS)";
			productName = "哈哈实验 (iOS)";
			productReference = 18CE937126B12B0200C23A3B /* 哈哈实验.app */;
			productType = "com.apple.product-type.application";
		};
		18CE937826B12B0200C23A3B /* 哈哈实验 (macOS) */ = {
			isa = PBXNativeTarget;
			buildConfigurationList = 18CE939E26B12B0200C23A3B /* Build configuration list for PBXNativeTarget "哈哈实验 (macOS)" */;
			buildPhases = (
				18CE937526B12B0200C23A3B /* Sources */,
				18CE937626B12B0200C23A3B /* Frameworks */,
				18CE937726B12B0200C23A3B /* Resources */,
			);
			buildRules = (
			);
			dependencies = (
			);
			name = "哈哈实验 (macOS)";
			productName = "哈哈实验 (macOS)";
			productReference = 18CE937926B12B0200C23A3B /* 哈哈实验.app */;
			productType = "com.apple.product-type.application";
		};
		18CE938026B12B0200C23A3B /* Tests iOS */ = {
			isa = PBXNativeTarget;
			buildConfigurationList = 18CE93A126B12B0200C23A3B /* Build configuration list for PBXNativeTarget "Tests iOS" */;
			buildPhases = (
				18CE937D26B12B0200C23A3B /* Sources */,
				18CE937E26B12B0200C23A3B /* Frameworks */,
				18CE937F26B12B0200C23A3B /* Resources */,
			);
			buildRules = (
			);
			dependencies = (
				18CE938326B12B0200C23A3B /* PBXTargetDependency */,
			);
			name = "Tests iOS";
			productName = "Tests iOS";
			productReference = 18CE938126B12B0200C23A3B /* Tests iOS.xctest */;
			productType = "com.apple.product-type.bundle.ui-testing";
		};
		18CE938B26B12B0200C23A3B /* Tests macOS */ = {
			isa = PBXNativeTarget;
			buildConfigurationList = 18CE93A426B12B0200C23A3B /* Build configuration list for PBXNativeTarget "Tests macOS" */;
			buildPhases = (
				18CE938826B12B0200C23A3B /* Sources */,
				18CE938926B12B0200C23A3B /* Frameworks */,
				18CE938A26B12B0200C23A3B /* Resources */,
			);
			buildRules = (
			);
			dependencies = (
				18CE938E26B12B0200C23A3B /* PBXTargetDependency */,
			);
			name = "Tests macOS";
			productName = "Tests macOS";
			productReference = 18CE938C26B12B0200C23A3B /* Tests macOS.xctest */;
			productType = "com.apple.product-type.bundle.ui-testing";
		};
/* End PBXNativeTarget section */

/* Begin PBXProject section */
		18CE936526B12AFE00C23A3B /* Project object */ = {
			isa = PBXProject;
			attributes = {
				LastSwiftUpdateCheck = 1250;
				LastUpgradeCheck = 1250;
				TargetAttributes = {
					18CE937026B12B0200C23A3B = {
						CreatedOnToolsVersion = 12.5.1;
					};
					18CE937826B12B0200C23A3B = {
						CreatedOnToolsVersion = 12.5.1;
					};
					18CE938026B12B0200C23A3B = {
						CreatedOnToolsVersion = 12.5.1;
						TestTargetID = 18CE937026B12B0200C23A3B;
					};
					18CE938B26B12B0200C23A3B = {
						CreatedOnToolsVersion = 12.5.1;
						TestTargetID = 18CE937826B12B0200C23A3B;
					};
				};
			};
			buildConfigurationList = 18CE936826B12AFE00C23A3B /* Build configuration list for PBXProject "哈哈实验" */;
			compatibilityVersion = "Xcode 9.3";
			developmentRegion = en;
			hasScannedForEncodings = 0;
			knownRegions = (
				en,
				Base,
			);
			mainGroup = 18CE936426B12AFE00C23A3B;
			productRefGroup = 18CE937226B12B0200C23A3B /* Products */;
			projectDirPath = "";
			projectRoot = "";
			targets = (
				18CE937026B12B0200C23A3B /* 哈哈实验 (iOS) */,
				18CE937826B12B0200C23A3B /* 哈哈实验 (macOS) */,
				18CE938026B12B0200C23A3B /* Tests iOS */,
				18CE938B26B12B0200C23A3B /* Tests macOS */,
			);
		};
/* End PBXProject section */

/* Begin PBXResourcesBuildPhase section */
		18CE936F26B12B0200C23A3B /* Resources */ = {
			isa = PBXResourcesBuildPhase;
			buildActionMask = 2147483647;
			files = (
				18CE939726B12B0200C23A3B /* Assets.xcassets in Resources */,
			);
			runOnlyForDeploymentPostprocessing = 0;
		};
		18CE937726B12B0200C23A3B /* Resources */ = {
			isa = PBXResourcesBuildPhase;
			buildActionMask = 2147483647;
			files = (
				18CE939826B12B0200C23A3B /* Assets.xcassets in Resources */,
			);
			runOnlyForDeploymentPostprocessing = 0;
		};
		18CE937F26B12B0200C23A3B /* Resources */ = {
			isa = PBXResourcesBuildPhase;
			buildActionMask = 2147483647;
			files = (
			);
			runOnlyForDeploymentPostprocessing = 0;
		};
		18CE938A26B12B0200C23A3B /* Resources */ = {
			isa = PBXResourcesBuildPhase;
			buildActionMask = 2147483647;
			files = (
			);
			runOnlyForDeploymentPostprocessing = 0;
		};
/* End PBXResourcesBuildPhase section */

/* Begin PBXSourcesBuildPhase section */
		18CE936D26B12B0200C23A3B /* Sources */ = {
			isa = PBXSourcesBuildPhase;
			buildActionMask = 2147483647;
			files = (
				18CE939526B12B0200C23A3B /* ContentView.swift in Sources */,
				18CE939326B12B0200C23A3B /* ____App.swift in Sources */,
			);
			runOnlyForDeploymentPostprocessing = 0;
		};
		18CE937526B12B0200C23A3B /* Sources */ = {
			isa = PBXSourcesBuildPhase;
			buildActionMask = 2147483647;
			files = (
				18CE939626B12B0200C23A3B /* ContentView.swift in Sources */,
				18CE939426B12B0200C23A3B /* ____App.swift in Sources */,
			);
			runOnlyForDeploymentPostprocessing = 0;
		};
		18CE937D26B12B0200C23A3B /* Sources */ = {
			isa = PBXSourcesBuildPhase;
			buildActionMask = 2147483647;
			files = (
				18CE938626B12B0200C23A3B /* Tests_iOS.swift in Sources */,
			);
			runOnlyForDeploymentPostprocessing = 0;
		};
		18CE938826B12B0200C23A3B /* Sources */ = {
			isa = PBXSourcesBuildPhase;
			buildActionMask = 2147483647;
			files = (
				18CE939126B12B0200C23A3B /* Tests_macOS.swift in Sources */,
			);
			runOnlyForDeploymentPostprocessing = 0;
		};
/* End PBXSourcesBuildPhase section */

/* Begin PBXTargetDependency section */
		18CE938326B12B0200C23A3B /* PBXTargetDependency */ = {
			isa = PBXTargetDependency;
			target = 18CE937026B12B0200C23A3B /* 哈哈实验 (iOS) */;
			targetProxy = 18CE938226B12B0200C23A3B /* PBXContainerItemProxy */;
		};
		18CE938E26B12B0200C23A3B /* PBXTargetDependency */ = {
			isa = PBXTargetDependency;
			target = 18CE937826B12B0200C23A3B /* 哈哈实验 (macOS) */;
			targetProxy = 18CE938D26B12B0200C23A3B /* PBXContainerItemProxy */;
		};
/* End PBXTargetDependency section */

/* Begin XCBuildConfiguration section */
		18CE939926B12B0200C23A3B /* Debug */ = {
			isa = XCBuildConfiguration;
			buildSettings = {
				ALWAYS_SEARCH_USER_PATHS = NO;
				CLANG_ANALYZER_NONNULL = YES;
				CLANG_ANALYZER_NUMBER_OBJECT_CONVERSION = YES_AGGRESSIVE;
				CLANG_CXX_LANGUAGE_STANDARD = "gnu++14";
				CLANG_CXX_LIBRARY = "libc++";
				CLANG_ENABLE_MODULES = YES;
				CLANG_ENABLE_OBJC_ARC = YES;
				CLANG_ENABLE_OBJC_WEAK = YES;
				CLANG_WARN_BLOCK_CAPTURE_AUTORELEASING = YES;
				CLANG_WARN_BOOL_CONVERSION = YES;
				CLANG_WARN_COMMA = YES;
				CLANG_WARN_CONSTANT_CONVERSION = YES;
				CLANG_WARN_DEPRECATED_OBJC_IMPLEMENTATIONS = YES;
				CLANG_WARN_DIRECT_OBJC_ISA_USAGE = YES_ERROR;
				CLANG_WARN_DOCUMENTATION_COMMENTS = YES;
				CLANG_WARN_EMPTY_BODY = YES;
				CLANG_WARN_ENUM_CONVERSION = YES;
				CLANG_WARN_INFINITE_RECURSION = YES;
				CLANG_WARN_INT_CONVERSION = YES;
				CLANG_WARN_NON_LITERAL_NULL_CONVERSION = YES;
				CLANG_WARN_OBJC_IMPLICIT_RETAIN_SELF = YES;
				CLANG_WARN_OBJC_LITERAL_CONVERSION = YES;
				CLANG_WARN_OBJC_ROOT_CLASS = YES_ERROR;
				CLANG_WARN_QUOTED_INCLUDE_IN_FRAMEWORK_HEADER = YES;
				CLANG_WARN_RANGE_LOOP_ANALYSIS = YES;
				CLANG_WARN_STRICT_PROTOTYPES = YES;
				CLANG_WARN_SUSPICIOUS_MOVE = YES;
				CLANG_WARN_UNGUARDED_AVAILABILITY = YES_AGGRESSIVE;
				CLANG_WARN_UNREACHABLE_CODE = YES;
				CLANG_WARN__DUPLICATE_METHOD_MATCH = YES;
				COPY_PHASE_STRIP = NO;
				DEBUG_INFORMATION_FORMAT = dwarf;
				ENABLE_STRICT_OBJC_MSGSEND = YES;
				ENABLE_TESTABILITY = YES;
				GCC_C_LANGUAGE_STANDARD = gnu11;
				GCC_DYNAMIC_NO_PIC = NO;
				GCC_NO_COMMON_BLOCKS = YES;
				GCC_OPTIMIZATION_LEVEL = 0;
				GCC_PREPROCESSOR_DEFINITIONS = (
					"DEBUG=1",
					"$(inherited)",
				);
				GCC_WARN_64_TO_32_BIT_CONVERSION = YES;
				GCC_WARN_ABOUT_RETURN_TYPE = YES_ERROR;
				GCC_WARN_UNDECLARED_SELECTOR = YES;
				GCC_WARN_UNINITIALIZED_AUTOS = YES_AGGRESSIVE;
				GCC_WARN_UNUSED_FUNCTION = YES;
				GCC_WARN_UNUSED_VARIABLE = YES;
				MTL_ENABLE_DEBUG_INFO = INCLUDE_SOURCE;
				MTL_FAST_MATH = YES;
				ONLY_ACTIVE_ARCH = YES;
				SWIFT_ACTIVE_COMPILATION_CONDITIONS = DEBUG;
				SWIFT_OPTIMIZATION_LEVEL = "-Onone";
			};
			name = Debug;
		};
		18CE939A26B12B0200C23A3B /* Release */ = {
			isa = XCBuildConfiguration;
			buildSettings = {
				ALWAYS_SEARCH_USER_PATHS = NO;
				CLANG_ANALYZER_NONNULL = YES;
				CLANG_ANALYZER_NUMBER_OBJECT_CONVERSION = YES_AGGRESSIVE;
				CLANG_CXX_LANGUAGE_STANDARD = "gnu++14";
				CLANG_CXX_LIBRARY = "libc++";
				CLANG_ENABLE_MODULES = YES;
				CLANG_ENABLE_OBJC_ARC = YES;
				CLANG_ENABLE_OBJC_WEAK = YES;
				CLANG_WARN_BLOCK_CAPTURE_AUTORELEASING = YES;
				CLANG_WARN_BOOL_CONVERSION = YES;
				CLANG_WARN_COMMA = YES;
				CLANG_WARN_CONSTANT_CONVERSION = YES;
				CLANG_WARN_DEPRECATED_OBJC_IMPLEMENTATIONS = YES;
				CLANG_WARN_DIRECT_OBJC_ISA_USAGE = YES_ERROR;
				CLANG_WARN_DOCUMENTATION_COMMENTS = YES;
				CLANG_WARN_EMPTY_BODY = YES;
				CLANG_WARN_ENUM_CONVERSION = YES;
				CLANG_WARN_INFINITE_RECURSION = YES;
				CLANG_WARN_INT_CONVERSION = YES;
				CLANG_WARN_NON_LITERAL_NULL_CONVERSION = YES;
				CLANG_WARN_OBJC_IMPLICIT_RETAIN_SELF = YES;
				CLANG_WARN_OBJC_LITERAL_CONVERSION = YES;
				CLANG_WARN_OBJC_ROOT_CLASS = YES_ERROR;
				CLANG_WARN_QUOTED_INCLUDE_IN_FRAMEWORK_HEADER = YES;
				CLANG_WARN_RANGE_LOOP_ANALYSIS = YES;
				CLANG_WARN_STRICT_PROTOTYPES = YES;
				CLANG_WARN_SUSPICIOUS_MOVE = YES;
				CLANG_WARN_UNGUARDED_AVAILABILITY = YES_AGGRESSIVE;
				CLANG_WARN_UNREACHABLE_CODE = YES;
				CLANG_WARN__DUPLICATE_METHOD_MATCH = YES;
				COPY_PHASE_STRIP = NO;
				DEBUG_INFORMATION_FORMAT = "dwarf-with-dsym";
				ENABLE_NS_ASSERTIONS = NO;
				ENABLE_STRICT_OBJC_MSGSEND = YES;
				GCC_C_LANGUAGE_STANDARD = gnu11;
				GCC_NO_COMMON_BLOCKS = YES;
				GCC_WARN_64_TO_32_BIT_CONVERSION = YES;
				GCC_WARN_ABOUT_RETURN_TYPE = YES_ERROR;
				GCC_WARN_UNDECLARED_SELECTOR = YES;
				GCC_WARN_UNINITIALIZED_AUTOS = YES_AGGRESSIVE;
				GCC_WARN_UNUSED_FUNCTION = YES;
				GCC_WARN_UNUSED_VARIABLE = YES;
				MTL_ENABLE_DEBUG_INFO = NO;
				MTL_FAST_MATH = YES;
				SWIFT_COMPILATION_MODE = wholemodule;
				SWIFT_OPTIMIZATION_LEVEL = "-O";
			};
			name = Release;
		};
		18CE939C26B12B0200C23A3B /* Debug */ = {
			isa = XCBuildConfiguration;
			buildSettings = {
				ASSETCATALOG_COMPILER_APPICON_NAME = AppIcon;
				ASSETCATALOG_COMPILER_GLOBAL_ACCENT_COLOR_NAME = AccentColor;
				CODE_SIGN_STYLE = Automatic;
				ENABLE_PREVIEWS = YES;
				INFOPLIST_FILE = iOS/Info.plist;
				IPHONEOS_DEPLOYMENT_TARGET = 14.0;
				LD_RUNPATH_SEARCH_PATHS = (
					"$(inherited)",
					"@executable_path/Frameworks",
				);
				PRODUCT_BUNDLE_IDENTIFIER = "d.----";
				PRODUCT_NAME = "哈哈实验";
				SDKROOT = iphoneos;
				SWIFT_VERSION = 5.0;
				TARGETED_DEVICE_FAMILY = "1,2";
			};
			name = Debug;
		};
		18CE939D26B12B0200C23A3B /* Release */ = {
			isa = XCBuildConfiguration;
			buildSettings = {
				ASSETCATALOG_COMPILER_APPICON_NAME = AppIcon;
				ASSETCATALOG_COMPILER_GLOBAL_ACCENT_COLOR_NAME = AccentColor;
				CODE_SIGN_STYLE = Automatic;
				ENABLE_PREVIEWS = YES;
				INFOPLIST_FILE = iOS/Info.plist;
				IPHONEOS_DEPLOYMENT_TARGET = 14.0;
				LD_RUNPATH_SEARCH_PATHS = (
					"$(inherited)",
					"@executable_path/Frameworks",
				);
				PRODUCT_BUNDLE_IDENTIFIER = "d.----";
				PRODUCT_NAME = "哈哈实验";
				SDKROOT = iphoneos;
				SWIFT_VERSION = 5.0;
				TARGETED_DEVICE_FAMILY = "1,2";
				VALIDATE_PRODUCT = YES;
			};
			name = Release;
		};
		18CE939F26B12B0200C23A3B /* Debug */ = {
			isa = XCBuildConfiguration;
			buildSettings = {
				ASSETCATALOG_COMPILER_APPICON_NAME = AppIcon;
				ASSETCATALOG_COMPILER_GLOBAL_ACCENT_COLOR_NAME = AccentColor;
				CODE_SIGN_ENTITLEMENTS = macOS/macOS.entitlements;
				CODE_SIGN_STYLE = Automatic;
				COMBINE_HIDPI_IMAGES = YES;
				ENABLE_PREVIEWS = YES;
				INFOPLIST_FILE = macOS/Info.plist;
				LD_RUNPATH_SEARCH_PATHS = (
					"$(inherited)",
					"@executable_path/../Frameworks",
				);
				MACOSX_DEPLOYMENT_TARGET = 11.0;
				PRODUCT_BUNDLE_IDENTIFIER = "d.----";
				PRODUCT_NAME = "哈哈实验";
				SDKROOT = macosx;
				SWIFT_VERSION = 5.0;
			};
			name = Debug;
		};
		18CE93A026B12B0200C23A3B /* Release */ = {
			isa = XCBuildConfiguration;
			buildSettings = {
				ASSETCATALOG_COMPILER_APPICON_NAME = AppIcon;
				ASSETCATALOG_COMPILER_GLOBAL_ACCENT_COLOR_NAME = AccentColor;
				CODE_SIGN_ENTITLEMENTS = macOS/macOS.entitlements;
				CODE_SIGN_STYLE = Automatic;
				COMBINE_HIDPI_IMAGES = YES;
				ENABLE_PREVIEWS = YES;
				INFOPLIST_FILE = macOS/Info.plist;
				LD_RUNPATH_SEARCH_PATHS = (
					"$(inherited)",
					"@executable_path/../Frameworks",
				);
				MACOSX_DEPLOYMENT_TARGET = 11.0;
				PRODUCT_BUNDLE_IDENTIFIER = "d.----";
				PRODUCT_NAME = "哈哈实验";
				SDKROOT = macosx;
				SWIFT_VERSION = 5.0;
			};
			name = Release;
		};
		18CE93A226B12B0200C23A3B /* Debug */ = {
			isa = XCBuildConfiguration;
			buildSettings = {
				ALWAYS_EMBED_SWIFT_STANDARD_LIBRARIES = YES;
				CODE_SIGN_STYLE = Automatic;
				INFOPLIST_FILE = "Tests iOS/Info.plist";
				IPHONEOS_DEPLOYMENT_TARGET = 14.5;
				LD_RUNPATH_SEARCH_PATHS = (
					"$(inherited)",
					"@executable_path/Frameworks",
					"@loader_path/Frameworks",
				);
				PRODUCT_BUNDLE_IDENTIFIER = "d.Tests-iOS";
				PRODUCT_NAME = "$(TARGET_NAME)";
				SDKROOT = iphoneos;
				SWIFT_VERSION = 5.0;
				TARGETED_DEVICE_FAMILY = "1,2";
				TEST_TARGET_NAME = "哈哈实验 (iOS)";
			};
			name = Debug;
		};
		18CE93A326B12B0200C23A3B /* Release */ = {
			isa = XCBuildConfiguration;
			buildSettings = {
				ALWAYS_EMBED_SWIFT_STANDARD_LIBRARIES = YES;
				CODE_SIGN_STYLE = Automatic;
				INFOPLIST_FILE = "Tests iOS/Info.plist";
				IPHONEOS_DEPLOYMENT_TARGET = 14.5;
				LD_RUNPATH_SEARCH_PATHS = (
					"$(inherited)",
					"@executable_path/Frameworks",
					"@loader_path/Frameworks",
				);
				PRODUCT_BUNDLE_IDENTIFIER = "d.Tests-iOS";
				PRODUCT_NAME = "$(TARGET_NAME)";
				SDKROOT = iphoneos;
				SWIFT_VERSION = 5.0;
				TARGETED_DEVICE_FAMILY = "1,2";
				TEST_TARGET_NAME = "哈哈实验 (iOS)";
				VALIDATE_PRODUCT = YES;
			};
			name = Release;
		};
		18CE93A526B12B0200C23A3B /* Debug */ = {
			isa = XCBuildConfiguration;
			buildSettings = {
				ALWAYS_EMBED_SWIFT_STANDARD_LIBRARIES = YES;
				CODE_SIGN_STYLE = Automatic;
				COMBINE_HIDPI_IMAGES = YES;
				INFOPLIST_FILE = "Tests macOS/Info.plist";
				LD_RUNPATH_SEARCH_PATHS = (
					"$(inherited)",
					"@executable_path/../Frameworks",
					"@loader_path/../Frameworks",
				);
				MACOSX_DEPLOYMENT_TARGET = 11.3;
				PRODUCT_BUNDLE_IDENTIFIER = "d.Tests-macOS";
				PRODUCT_NAME = "$(TARGET_NAME)";
				SDKROOT = macosx;
				SWIFT_VERSION = 5.0;
				TEST_TARGET_NAME = "哈哈实验 (macOS)";
			};
			name = Debug;
		};
		18CE93A626B12B0200C23A3B /* Release */ = {
			isa = XCBuildConfiguration;
			buildSettings = {
				ALWAYS_EMBED_SWIFT_STANDARD_LIBRARIES = YES;
				CODE_SIGN_STYLE = Automatic;
				COMBINE_HIDPI_IMAGES = YES;
				INFOPLIST_FILE = "Tests macOS/Info.plist";
				LD_RUNPATH_SEARCH_PATHS = (
					"$(inherited)",
					"@executable_path/../Frameworks",
					"@loader_path/../Frameworks",
				);
				MACOSX_DEPLOYMENT_TARGET = 11.3;
				PRODUCT_BUNDLE_IDENTIFIER = "d.Tests-macOS";
				PRODUCT_NAME = "$(TARGET_NAME)";
				SDKROOT = macosx;
				SWIFT_VERSION = 5.0;
				TEST_TARGET_NAME = "哈哈实验 (macOS)";
			};
			name = Release;
		};
/* End XCBuildConfiguration section */

/* Begin XCConfigurationList section */
		18CE936826B12AFE00C23A3B /* Build configuration list for PBXProject "哈哈实验" */ = {
			isa = XCConfigurationList;
			buildConfigurations = (
				18CE939926B12B0200C23A3B /* Debug */,
				18CE939A26B12B0200C23A3B /* Release */,
			);
			defaultConfigurationIsVisible = 0;
			defaultConfigurationName = Release;
		};
		18CE939B26B12B0200C23A3B /* Build configuration list for PBXNativeTarget "哈哈实验 (iOS)" */ = {
			isa = XCConfigurationList;
			buildConfigurations = (
				18CE939C26B12B0200C23A3B /* Debug */,
				18CE939D26B12B0200C23A3B /* Release */,
			);
			defaultConfigurationIsVisible = 0;
			defaultConfigurationName = Release;
		};
		18CE939E26B12B0200C23A3B /* Build configuration list for PBXNativeTarget "哈哈实验 (macOS)" */ = {
			isa = XCConfigurationList;
			buildConfigurations = (
				18CE939F26B12B0200C23A3B /* Debug */,
				18CE93A026B12B0200C23A3B /* Release */,
			);
			defaultConfigurationIsVisible = 0;
			defaultConfigurationName = Release;
		};
		18CE93A126B12B0200C23A3B /* Build configuration list for PBXNativeTarget "Tests iOS" */ = {
			isa = XCConfigurationList;
			buildConfigurations = (
				18CE93A226B12B0200C23A3B /* Debug */,
				18CE93A326B12B0200C23A3B /* Release */,
			);
			defaultConfigurationIsVisible = 0;
			defaultConfigurationName = Release;
		};
		18CE93A426B12B0200C23A3B /* Build configuration list for PBXNativeTarget "Tests macOS" */ = {
			isa = XCConfigurationList;
			buildConfigurations = (
				18CE93A526B12B0200C23A3B /* Debug */,
				18CE93A626B12B0200C23A3B /* Release */,
			);
			defaultConfigurationIsVisible = 0;
			defaultConfigurationName = Release;
		};
/* End XCConfigurationList section */
	};
	rootObject = 18CE936526B12AFE00C23A3B /* Project object */;
}
